
Microsoft Visual Studio Solution File, Format Version 12.00
# Visual Studio Version 17
VisualStudioVersion = 17.1.32319.34
MinimumVisualStudioVersion = 10.0.40219.1
Project("{FAE04EC0-301F-11D3-BF4B-00C04F79EFBC}") = "Server-Info", "Server-Info\Server-Info.csproj", "{89774EB3-CDC0-459A-9E4D-60B729D6DB03}"
EndProject
Global
	GlobalSection(SolutionConfigurationPlatforms) = preSolution
		Debug|Any CPU = Debug|Any CPU
		Release|Any CPU = Release|Any CPU
	EndGlobalSection
	GlobalSection(ProjectConfigurationPlatforms) = postSolution
		{89774EB3-CDC0-459A-9E4D-60B729D6DB03}.Debug|Any CPU.ActiveCfg = Debug|Any CPU
		{89774EB3-CDC0-459A-9E4D-60B729D6DB03}.Debug|Any CPU.Build.0 = Debug|Any CPU
		{89774EB3-CDC0-459A-9E4D-60B729D6DB03}.Release|Any CPU.ActiveCfg = Release|Any CPU
		{89774EB3-CDC0-459A-9E4D-60B729D6DB03}.Release|Any CPU.Build.0 = Release|Any CPU
	EndGlobalSection
	GlobalSection(SolutionProperties) = preSolution
		HideSolutionNode = FALSE
	EndGlobalSection
	GlobalSection(ExtensibilityGlobals) = postSolution
		SolutionGuid = {F3FEE7C5-5CF1-4A77-BBF8-70240D25BEC5}
	EndGlobalSection
EndGlobal
